Microsoft Visual Studio Solution File, Format Version 12.00
# Visual Studio Version 17
VisualStudioVersion = 17.5.2.0
MinimumVisualStudioVersion = 10.0.40219.1
Project("{FAE04EC0-301F-11D3-BF4B-00C04F79EFBC}") = "BoardGameGeekLike", "BoardGameGeekLike.csproj", "{2418FBA3-2408-1207-EE3E-EBD1C2657B48}"
EndProject
Global
	GlobalSection(SolutionConfigurationPlatforms) = preSolution
		Debug|Any CPU = Debug|Any CPU
		Release|Any CPU = Release|Any CPU
	EndGlobalSection
	GlobalSection(ProjectConfigurationPlatforms) = postSolution
		{2418FBA3-2408-1207-EE3E-EBD1C2657B48}.Debug|Any CPU.ActiveCfg = Debug|Any CPU
		{2418FBA3-2408-1207-EE3E-EBD1C2657B48}.Debug|Any CPU.Build.0 = Debug|Any CPU
		{2418FBA3-2408-1207-EE3E-EBD1C2657B48}.Release|Any CPU.ActiveCfg = Release|Any CPU
		{2418FBA3-2408-1207-EE3E-EBD1C2657B48}.Release|Any CPU.Build.0 = Release|Any CPU
	EndGlobalSection
	GlobalSection(SolutionProperties) = preSolution
		HideSolutionNode = FALSE
	EndGlobalSection
	GlobalSection(ExtensibilityGlobals) = postSolution
		SolutionGuid = {41CFED99-02A7-4571-82BD-0F1344A79633}
	EndGlobalSection
EndGlobal
